// !$*UTF8*$!
{
	archiveVersion = 1;
	classes = {
	};
	objectVersion = 56;
	objects = {

/* Begin PBXBuildFile section */
		191D4E5F2CC58C7000C9D083 /* AppDelegate.swift in Sources */ = {isa = PBXBuildFile; fileRef = 191D4E5E2CC58C7000C9D083 /* AppDelegate.swift */; };
		191D4E612CC58C7000C9D083 /* SceneDelegate.swift in Sources */ = {isa = PBXBuildFile; fileRef = 191D4E602CC58C7000C9D083 /* SceneDelegate.swift */; };
		191D4E632CC58C7000C9D083 /* ViewController.swift in Sources */ = {isa = PBXBuildFile; fileRef = 191D4E622CC58C7000C9D083 /* ViewController.swift */; };
		191D4E662CC58C7000C9D083 /* Base in Resources */ = {isa = PBXBuildFile; fileRef = 191D4E652CC58C7000C9D083 /* Base */; };
		191D4E682CC58C7200C9D083 /* Assets.xcassets in Resources */ = {isa = PBXBuildFile; fileRef = 191D4E672CC58C7200C9D083 /* Assets.xcassets */; };
		191D4E6B2CC58C7200C9D083 /* Base in Resources */ = {isa = PBXBuildFile; fileRef = 191D4E6A2CC58C7200C9D083 /* Base */; };
		191D4E7A2CC5974900C9D083 /* A.wav in Resources */ = {isa = PBXBuildFile; fileRef = 191D4E722CC5974900C9D083 /* A.wav */; };
		191D4E7B2CC5974900C9D083 /* B.wav in Resources */ = {isa = PBXBuildFile; fileRef = 191D4E732CC5974900C9D083 /* B.wav */; };
		191D4E7C2CC5974900C9D083 /* C.wav in Resources */ = {isa = PBXBuildFile; fileRef = 191D4E742CC5974900C9D083 /* C.wav */; };
		191D4E7D2CC5974900C9D083 /* D.wav in Resources */ = {isa = PBXBuildFile; fileRef = 191D4E752CC5974900C9D083 /* D.wav */; };
		191D4E7E2CC5974900C9D083 /* E.wav in Resources */ = {isa = PBXBuildFile; fileRef = 191D4E762CC5974900C9D083 /* E.wav */; };
		191D4E7F2CC5974900C9D083 /* F.wav in Resources */ = {isa = PBXBuildFile; fileRef = 191D4E772CC5974900C9D083 /* F.wav */; };
		191D4E802CC5974900C9D083 /* G.wav in Resources */ = {isa = PBXBuildFile; fileRef = 191D4E782CC5974900C9D083 /* G.wav */; };
/* End PBXBuildFile section */

/* Begin PBXFileReference section */
		191D4E5B2CC58C7000C9D083 /* Xylophon_App.app */ = {isa = PBXFileReference; explicitFileType = wrapper.application; includeInIndex = 0; path = Xylophon_App.app; sourceTree = BUILT_PRODUCTS_DIR; };
		191D4E5E2CC58C7000C9D083 /* AppDelegate.swift */ = {isa = PBXFileReference; lastKnownFileType = sourcecode.swift; path = AppDelegate.swift; sourceTree = "<group>"; };
		191D4E602CC58C7000C9D083 /* SceneDelegate.swift */ = {isa = PBXFileReference; lastKnownFileType = sourcecode.swift; path = SceneDelegate.swift; sourceTree = "<group>"; };
		191D4E622CC58C7000C9D083 /* ViewController.swift */ = {isa = PBXFileReference; lastKnownFileType = sourcecode.swift; path = ViewController.swift; sourceTree = "<group>"; };
		191D4E652CC58C7000C9D083 /* Base */ = {isa = PBXFileReference; lastKnownFileType = file.storyboard; name = Base; path = Base.lproj/Main.storyboard; sourceTree = "<group>"; };
		191D4E672CC58C7200C9D083 /* Assets.xcassets */ = {isa = PBXFileReference; lastKnownFileType = folder.assetcatalog; path = Assets.xcassets; sourceTree = "<group>"; };
		191D4E6A2CC58C7200C9D083 /* Base */ = {isa = PBXFileReference; lastKnownFileType = file.storyboard; name = Base; path = Base.lproj/LaunchScreen.storyboard; sourceTree = "<group>"; };
		191D4E6C2CC58C7200C9D083 /* Info.plist */ = {isa = PBXFileReference; lastKnownFileType = text.plist.xml; path = Info.plist; sourceTree = "<group>"; };
		191D4E722CC5974900C9D083 /* A.wav */ = {isa = PBXFileReference; lastKnownFileType = audio.wav; path = A.wav; sourceTree = "<group>"; };
		191D4E732CC5974900C9D083 /* B.wav */ = {isa = PBXFileReference; lastKnownFileType = audio.wav; path = B.wav; sourceTree = "<group>"; };
		191D4E742CC5974900C9D083 /* C.wav */ = {isa = PBXFileReference; lastKnownFileType = audio.wav; path = C.wav; sourceTree = "<group>"; };
		191D4E752CC5974900C9D083 /* D.wav */ = {isa = PBXFileReference; lastKnownFileType = audio.wav; path = D.wav; sourceTree = "<group>"; };
		191D4E762CC5974900C9D083 /* E.wav */ = {isa = PBXFileReference; lastKnownFileType = audio.wav; path = E.wav; sourceTree = "<group>"; };
		191D4E772CC5974900C9D083 /* F.wav */ = {isa = PBXFileReference; lastKnownFileType = audio.wav; path = F.wav; sourceTree = "<group>"; };
		191D4E782CC5974900C9D083 /* G.wav */ = {isa = PBXFileReference; lastKnownFileType = audio.wav; path = G.wav; sourceTree = "<group>"; };
/* End PBXFileReference section */

/* Begin PBXFrameworksBuildPhase section */
		191D4E582CC58C7000C9D083 /* Frameworks */ = {
			isa = PBXFrameworksBuildPhase;
			buildActionMask = 2147483647;
			files = (
			);
			runOnlyForDeploymentPostprocessing = 0;
		};
/* End PBXFrameworksBuildPhase section */

/* Begin PBXGroup section */
		191D4E522CC58C7000C9D083 = {
			isa = PBXGroup;
			children = (
				191D4E5D2CC58C7000C9D083 /* Xylophon_App */,
				191D4E5C2CC58C7000C9D083 /* Products */,
			);
			sourceTree = "<group>";
		};
		191D4E5C2CC58C7000C9D083 /* Products */ = {
			isa = PBXGroup;
			children = (
				191D4E5B2CC58C7000C9D083 /* Xylophon_App.app */,
			);
			name = Products;
			sourceTree = "<group>";
		};
		191D4E5D2CC58C7000C9D083 /* Xylophon_App */ = {
			isa = PBXGroup;
			children = (
				191D4E5E2CC58C7000C9D083 /* AppDelegate.swift */,
				191D4E602CC58C7000C9D083 /* SceneDelegate.swift */,
				191D4E622CC58C7000C9D083 /* ViewController.swift */,
				191D4E642CC58C7000C9D083 /* Main.storyboard */,
				191D4E672CC58C7200C9D083 /* Assets.xcassets */,
				191D4E792CC5974900C9D083 /* Sounds */,
				191D4E692CC58C7200C9D083 /* LaunchScreen.storyboard */,
				191D4E6C2CC58C7200C9D083 /* Info.plist */,
			);
			path = Xylophon_App;
			sourceTree = "<group>";
		};
		191D4E792CC5974900C9D083 /* Sounds */ = {
			isa = PBXGroup;
			children = (
				191D4E722CC5974900C9D083 /* A.wav */,
				191D4E732CC5974900C9D083 /* B.wav */,
				191D4E742CC5974900C9D083 /* C.wav */,
				191D4E752CC5974900C9D083 /* D.wav */,
				191D4E762CC5974900C9D083 /* E.wav */,
				191D4E772CC5974900C9D083 /* F.wav */,
				191D4E782CC5974900C9D083 /* G.wav */,
			);
			name = Sounds;
			path = ../../../../../Downloads/Sounds;
			sourceTree = "<group>";
		};
/* End PBXGroup section */

/* Begin PBXNativeTarget section */
		191D4E5A2CC58C7000C9D083 /* Xylophon_App */ = {
			isa = PBXNativeTarget;
			buildConfigurationList = 191D4E6F2CC58C7200C9D083 /* Build configuration list for PBXNativeTarget "Xylophon_App" */;
			buildPhases = (
				191D4E572CC58C7000C9D083 /* Sources */,
				191D4E582CC58C7000C9D083 /* Frameworks */,
				191D4E592CC58C7000C9D083 /* Resources */,
			);
			buildRules = (
			);
			dependencies = (
			);
			name = Xylophon_App;
			productName = Xylophon_App;
			productReference = 191D4E5B2CC58C7000C9D083 /* Xylophon_App.app */;
			productType = "com.apple.product-type.application";
		};
/* End PBXNativeTarget section */

/* Begin PBXProject section */
		191D4E532CC58C7000C9D083 /* Project object */ = {
			isa = PBXProject;
			attributes = {
				BuildIndependentTargetsInParallel = 1;
				LastSwiftUpdateCheck = 1540;
				LastUpgradeCheck = 1540;
				TargetAttributes = {
					191D4E5A2CC58C7000C9D083 = {
						CreatedOnToolsVersion = 15.4;
					};
				};
			};
			buildConfigurationList = 191D4E562CC58C7000C9D083 /* Build configuration list for PBXProject "Xylophon_App" */;
			compatibilityVersion = "Xcode 14.0";
			developmentRegion = en;
			hasScannedForEncodings = 0;
			knownRegions = (
				en,
				Base,
			);
			mainGroup = 191D4E522CC58C7000C9D083;
			productRefGroup = 191D4E5C2CC58C7000C9D083 /* Products */;
			projectDirPath = "";
			projectRoot = "";
			targets = (
				191D4E5A2CC58C7000C9D083 /* Xylophon_App */,
			);
		};
/* End PBXProject section */

/* Begin PBXResourcesBuildPhase section */
		191D4E592CC58C7000C9D083 /* Resources */ = {
			isa = PBXResourcesBuildPhase;
			buildActionMask = 2147483647;
			files = (
				191D4E7C2CC5974900C9D083 /* C.wav in Resources */,
				191D4E682CC58C7200C9D083 /* Assets.xcassets in Resources */,
				191D4E7D2CC5974900C9D083 /* D.wav in Resources */,
				191D4E7F2CC5974900C9D083 /* F.wav in Resources */,
				191D4E7B2CC5974900C9D083 /* B.wav in Resources */,
				191D4E6B2CC58C7200C9D083 /* Base in Resources */,
				191D4E802CC5974900C9D083 /* G.wav in Resources */,
				191D4E7A2CC5974900C9D083 /* A.wav in Resources */,
				191D4E7E2CC5974900C9D083 /* E.wav in Resources */,
				191D4E662CC58C7000C9D083 /* Base in Resources */,
			);
			runOnlyForDeploymentPostprocessing = 0;
		};
/* End PBXResourcesBuildPhase section */

/* Begin PBXSourcesBuildPhase section */
		191D4E572CC58C7000C9D083 /* Sources */ = {
			isa = PBXSourcesBuildPhase;
			buildActionMask = 2147483647;
			files = (
				191D4E632CC58C7000C9D083 /* ViewController.swift in Sources */,
				191D4E5F2CC58C7000C9D083 /* AppDelegate.swift in Sources */,
				191D4E612CC58C7000C9D083 /* SceneDelegate.swift in Sources */,
			);
			runOnlyForDeploymentPostprocessing = 0;
		};
/* End PBXSourcesBuildPhase section */

/* Begin PBXVariantGroup section */
		191D4E642CC58C7000C9D083 /* Main.storyboard */ = {
			isa = PBXVariantGroup;
			children = (
				191D4E652CC58C7000C9D083 /* Base */,
			);
			name = Main.storyboard;
			sourceTree = "<group>";
		};
		191D4E692CC58C7200C9D083 /* LaunchScreen.storyboard */ = {
			isa = PBXVariantGroup;
			children = (
				191D4E6A2CC58C7200C9D083 /* Base */,
			);
			name = LaunchScreen.storyboard;
			sourceTree = "<group>";
		};
/* End PBXVariantGroup section */

/* Begin XCBuildConfiguration section */
		191D4E6D2CC58C7200C9D083 /* Debug */ = {
			isa = XCBuildConfiguration;
			buildSettings = {
				ALWAYS_SEARCH_USER_PATHS = NO;
				ASSETCATALOG_COMPILER_GENERATE_SWIFT_ASSET_SYMBOL_EXTENSIONS = YES;
				CLANG_ANALYZER_NONNULL = YES;
				CLANG_ANALYZER_NUMBER_OBJECT_CONVERSION = YES_AGGRESSIVE;
				CLANG_CXX_LANGUAGE_STANDARD = "gnu++20";
				CLANG_ENABLE_MODULES = YES;
				CLANG_ENABLE_OBJC_ARC = YES;
				CLANG_ENABLE_OBJC_WEAK = YES;
				CLANG_WARN_BLOCK_CAPTURE_AUTORELEASING = YES;
				CLANG_WARN_BOOL_CONVERSION = YES;
				CLANG_WARN_COMMA = YES;
				CLANG_WARN_CONSTANT_CONVERSION = YES;
				CLANG_WARN_DEPRECATED_OBJC_IMPLEMENTATIONS = YES;
				CLANG_WARN_DIRECT_OBJC_ISA_USAGE = YES_ERROR;
				CLANG_WARN_DOCUMENTATION_COMMENTS = YES;
				CLANG_WARN_EMPTY_BODY = YES;
				CLANG_WARN_ENUM_CONVERSION = YES;
				CLANG_WARN_INFINITE_RECURSION = YES;
				CLANG_WARN_INT_CONVERSION = YES;
				CLANG_WARN_NON_LITERAL_NULL_CONVERSION = YES;
				CLANG_WARN_OBJC_IMPLICIT_RETAIN_SELF = YES;
				CLANG_WARN_OBJC_LITERAL_CONVERSION = YES;
				CLANG_WARN_OBJC_ROOT_CLASS = YES_ERROR;
				CLANG_WARN_QUOTED_INCLUDE_IN_FRAMEWORK_HEADER = YES;
				CLANG_WARN_RANGE_LOOP_ANALYSIS = YES;
				CLANG_WARN_STRICT_PROTOTYPES = YES;
				CLANG_WARN_SUSPICIOUS_MOVE = YES;
				CLANG_WARN_UNGUARDED_AVAILABILITY = YES_AGGRESSIVE;
				CLANG_WARN_UNREACHABLE_CODE = YES;
				CLANG_WARN__DUPLICATE_METHOD_MATCH = YES;
				COPY_PHASE_STRIP = NO;
				DEBUG_INFORMATION_FORMAT = dwarf;
				ENABLE_STRICT_OBJC_MSGSEND = YES;
				ENABLE_TESTABILITY = YES;
				ENABLE_USER_SCRIPT_SANDBOXING = YES;
				GCC_C_LANGUAGE_STANDARD = gnu17;
				GCC_DYNAMIC_NO_PIC = NO;
				GCC_NO_COMMON_BLOCKS = YES;
				GCC_OPTIMIZATION_LEVEL = 0;
				GCC_PREPROCESSOR_DEFINITIONS = (
					"DEBUG=1",
					"$(inherited)",
				);
				GCC_WARN_64_TO_32_BIT_CONVERSION = YES;
				GCC_WARN_ABOUT_RETURN_TYPE = YES_ERROR;
				GCC_WARN_UNDECLARED_SELECTOR = YES;
				GCC_WARN_UNINITIALIZED_AUTOS = YES_AGGRESSIVE;
				GCC_WARN_UNUSED_FUNCTION = YES;
				GCC_WARN_UNUSED_VARIABLE = YES;
				IPHONEOS_DEPLOYMENT_TARGET = 17.5;
				LOCALIZATION_PREFERS_STRING_CATALOGS = YES;
				MTL_ENABLE_DEBUG_INFO = INCLUDE_SOURCE;
				MTL_FAST_MATH = YES;
				ONLY_ACTIVE_ARCH = YES;
				SDKROOT = iphoneos;
				SWIFT_ACTIVE_COMPILATION_CONDITIONS = "DEBUG $(inherited)";
				SWIFT_OPTIMIZATION_LEVEL = "-Onone";
			};
			name = Debug;
		};
		191D4E6E2CC58C7200C9D083 /* Release */ = {
			isa = XCBuildConfiguration;
			buildSettings = {
				ALWAYS_SEARCH_USER_PATHS = NO;
				ASSETCATALOG_COMPILER_GENERATE_SWIFT_ASSET_SYMBOL_EXTENSIONS = YES;
				CLANG_ANALYZER_NONNULL = YES;
				CLANG_ANALYZER_NUMBER_OBJECT_CONVERSION = YES_AGGRESSIVE;
				CLANG_CXX_LANGUAGE_STANDARD = "gnu++20";
				CLANG_ENABLE_MODULES = YES;
				CLANG_ENABLE_OBJC_ARC = YES;
				CLANG_ENABLE_OBJC_WEAK = YES;
				CLANG_WARN_BLOCK_CAPTURE_AUTORELEASING = YES;
				CLANG_WARN_BOOL_CONVERSION = YES;
				CLANG_WARN_COMMA = YES;
				CLANG_WARN_CONSTANT_CONVERSION = YES;
				CLANG_WARN_DEPRECATED_OBJC_IMPLEMENTATIONS = YES;
				CLANG_WARN_DIRECT_OBJC_ISA_USAGE = YES_ERROR;
				CLANG_WARN_DOCUMENTATION_COMMENTS = YES;
				CLANG_WARN_EMPTY_BODY = YES;
				CLANG_WARN_ENUM_CONVERSION = YES;
				CLANG_WARN_INFINITE_RECURSION = YES;
				CLANG_WARN_INT_CONVERSION = YES;
				CLANG_WARN_NON_LITERAL_NULL_CONVERSION = YES;
				CLANG_WARN_OBJC_IMPLICIT_RETAIN_SELF = YES;
				CLANG_WARN_OBJC_LITERAL_CONVERSION = YES;
				CLANG_WARN_OBJC_ROOT_CLASS = YES_ERROR;
				CLANG_WARN_QUOTED_INCLUDE_IN_FRAMEWORK_HEADER = YES;
				CLANG_WARN_RANGE_LOOP_ANALYSIS = YES;
				CLANG_WARN_STRICT_PROTOTYPES = YES;
				CLANG_WARN_SUSPICIOUS_MOVE = YES;
				CLANG_WARN_UNGUARDED_AVAILABILITY = YES_AGGRESSIVE;
				CLANG_WARN_UNREACHABLE_CODE = YES;
				CLANG_WARN__DUPLICATE_METHOD_MATCH = YES;
				COPY_PHASE_STRIP = NO;
				DEBUG_INFORMATION_FORMAT = "dwarf-with-dsym";
				ENABLE_NS_ASSERTIONS = NO;
				ENABLE_STRICT_OBJC_MSGSEND = YES;
				ENABLE_USER_SCRIPT_SANDBOXING = YES;
				GCC_C_LANGUAGE_STANDARD = gnu17;
				GCC_NO_COMMON_BLOCKS = YES;
				GCC_WARN_64_TO_32_BIT_CONVERSION = YES;
				GCC_WARN_ABOUT_RETURN_TYPE = YES_ERROR;
				GCC_WARN_UNDECLARED_SELECTOR = YES;
				GCC_WARN_UNINITIALIZED_AUTOS = YES_AGGRESSIVE;
				GCC_WARN_UNUSED_FUNCTION = YES;
				GCC_WARN_UNUSED_VARIABLE = YES;
				IPHONEOS_DEPLOYMENT_TARGET = 17.5;
				LOCALIZATION_PREFERS_STRING_CATALOGS = YES;
				MTL_ENABLE_DEBUG_INFO = NO;
				MTL_FAST_MATH = YES;
				SDKROOT = iphoneos;
				SWIFT_COMPILATION_MODE = wholemodule;
				VALIDATE_PRODUCT = YES;
			};
			name = Release;
		};
		191D4E702CC58C7200C9D083 /* Debug */ = {
			isa = XCBuildConfiguration;
			buildSettings = {
				ASSETCATALOG_COMPILER_APPICON_NAME = AppIcon;
				ASSETCATALOG_COMPILER_GLOBAL_ACCENT_COLOR_NAME = AccentColor;
				CODE_SIGN_STYLE = Automatic;
				CURRENT_PROJECT_VERSION = 1;
				GENERATE_INFOPLIST_FILE = YES;
				INFOPLIST_FILE = Xylophon_App/Info.plist;
				INFOPLIST_KEY_UIApplicationSupportsIndirectInputEvents = YES;
				INFOPLIST_KEY_UILaunchStoryboardName = LaunchScreen;
				INFOPLIST_KEY_UIMainStoryboardFile = Main;
				INFOPLIST_KEY_UISupportedInterfaceOrientations_iPad = "UIInterfaceOrientationPortrait UIInterfaceOrientationPortraitUpsideDown UIInterfaceOrientationLandscapeLeft UIInterfaceOrientationLandscapeRight";
				INFOPLIST_KEY_UISupportedInterfaceOrientations_iPhone = "UIInterfaceOrientationPortrait UIInterfaceOrientationLandscapeLeft UIInterfaceOrientationLandscapeRight";
				LD_RUNPATH_SEARCH_PATHS = (
					"$(inherited)",
					"@executable_path/Frameworks",
				);
				MARKETING_VERSION = 1.0;
				PRODUCT_BUNDLE_IDENTIFIER = "beginerProject.Xylophon-App";
				PRODUCT_NAME = "$(TARGET_NAME)";
				SWIFT_EMIT_LOC_STRINGS = YES;
				SWIFT_VERSION = 5.0;
				TARGETED_DEVICE_FAMILY = "1,2";
			};
			name = Debug;
		};
		191D4E712CC58C7200C9D083 /* Release */ = {
			isa = XCBuildConfiguration;
			buildSettings = {
				ASSETCATALOG_COMPILER_APPICON_NAME = AppIcon;
				ASSETCATALOG_COMPILER_GLOBAL_ACCENT_COLOR_NAME = AccentColor;
				CODE_SIGN_STYLE = Automatic;
				CURRENT_PROJECT_VERSION = 1;
				GENERATE_INFOPLIST_FILE = YES;
				INFOPLIST_FILE = Xylophon_App/Info.plist;
				INFOPLIST_KEY_UIApplicationSupportsIndirectInputEvents = YES;
				INFOPLIST_KEY_UILaunchStoryboardName = LaunchScreen;
				INFOPLIST_KEY_UIMainStoryboardFile = Main;
				INFOPLIST_KEY_UISupportedInterfaceOrientations_iPad = "UIInterfaceOrientationPortrait UIInterfaceOrientationPortraitUpsideDown UIInterfaceOrientationLandscapeLeft UIInterfaceOrientationLandscapeRight";
				INFOPLIST_KEY_UISupportedInterfaceOrientations_iPhone = "UIInterfaceOrientationPortrait UIInterfaceOrientationLandscapeLeft UIInterfaceOrientationLandscapeRight";
				LD_RUNPATH_SEARCH_PATHS = (
					"$(inherited)",
					"@executable_path/Frameworks",
				);
				MARKETING_VERSION = 1.0;
				PRODUCT_BUNDLE_IDENTIFIER = "beginerProject.Xylophon-App";
				PRODUCT_NAME = "$(TARGET_NAME)";
				SWIFT_EMIT_LOC_STRINGS = YES;
				SWIFT_VERSION = 5.0;
				TARGETED_DEVICE_FAMILY = "1,2";
			};
			name = Release;
		};
/* End XCBuildConfiguration section */

/* Begin XCConfigurationList section */
		191D4E562CC58C7000C9D083 /* Build configuration list for PBXProject "Xylophon_App" */ = {
			isa = XCConfigurationList;
			buildConfigurations = (
				191D4E6D2CC58C7200C9D083 /* Debug */,
				191D4E6E2CC58C7200C9D083 /* Release */,
			);
			defaultConfigurationIsVisible = 0;
			defaultConfigurationName = Release;
		};
		191D4E6F2CC58C7200C9D083 /* Build configuration list for PBXNativeTarget "Xylophon_App" */ = {
			isa = XCConfigurationList;
			buildConfigurations = (
				191D4E702CC58C7200C9D083 /* Debug */,
				191D4E712CC58C7200C9D083 /* Release */,
			);
			defaultConfigurationIsVisible = 0;
			defaultConfigurationName = Release;
		};
/* End XCConfigurationList section */
	};
	rootObject = 191D4E532CC58C7000C9D083 /* Project object */;
}
